
Microsoft Visual Studio Solution File, Format Version 12.00
# Visual Studio 14
VisualStudioVersion = 14.0.23107.0
MinimumVisualStudioVersion = 10.0.40219.1
Project("{FAE04EC0-301F-11D3-BF4B-00C04F79EFBC}") = "TvShowReminder", "TvShowReminder\TvShowReminder.csproj", "{67AB0C6E-2BA2-4FE5-94B3-C2E8398FB696}"
EndProject
Project("{2150E333-8FDC-42A3-9474-1A3956D46DE8}") = "Tests", "Tests", "{2B000795-C3BB-4851-9EE0-512A59256E35}"
EndProject
Project("{FAE04EC0-301F-11D3-BF4B-00C04F79EFBC}") = "TvShowReminder.DatabaseMigrations", "TvShowReminder.DatabaseMigrations\TvShowReminder.DatabaseMigrations.csproj", "{B99E3A33-95DD-4E36-BD7F-1F32E8443AC3}"
EndProject
Project("{FAE04EC0-301F-11D3-BF4B-00C04F79EFBC}") = "TvShowReminder.Service", "TvShowReminder.Service\TvShowReminder.Service.csproj", "{20E3BE97-FAB2-4A4D-BC54-DDDAE1750F85}"
EndProject
Project("{FAE04EC0-301F-11D3-BF4B-00C04F79EFBC}") = "TvShowReminder.Unittests", "TvShowReminder.Unittests\TvShowReminder.Unittests.csproj", "{45AB3CF2-E55B-4600-A66A-F8247B167315}"
EndProject
Project("{FAE04EC0-301F-11D3-BF4B-00C04F79EFBC}") = "TvShowReminder.Contracts", "TvShowReminder.Contracts\TvShowReminder.Contracts.csproj", "{91180DC8-F1D5-419D-A493-E18B56EF195E}"
EndProject
Project("{FAE04EC0-301F-11D3-BF4B-00C04F79EFBC}") = "TvShowReminder.DataSource", "TvShowReminder.DataSource\TvShowReminder.DataSource.csproj", "{B8B3F7E5-E4B7-4B9B-970B-03EF16B25EB9}"
EndProject
Project("{FAE04EC0-301F-11D3-BF4B-00C04F79EFBC}") = "TvShowReminder.TvMazeApi", "TvShowReminder.TvMazeApi\TvShowReminder.TvMazeApi.csproj", "{B96228C0-8AF5-42B9-B779-649899CDE7EB}"
EndProject
Project("{FAE04EC0-301F-11D3-BF4B-00C04F79EFBC}") = "TvShowReminder.TvMazeApi.UnitTests", "TvShowReminder.TvMazeApi.UnitTests\TvShowReminder.TvMazeApi.UnitTests.csproj", "{41997962-EBDA-469B-8073-792BA4413A64}"
EndProject
Project("{FAE04EC0-301F-11D3-BF4B-00C04F79EFBC}") = "TvShowReminder.TvMazeApi.IntegrationTests", "TvShowReminder.TvMazeApi.IntegrationTests\TvShowReminder.TvMazeApi.IntegrationTests.csproj", "{10B388A9-812D-45F8-B01E-8255C65F39C1}"
EndProject
Global
	GlobalSection(SolutionConfigurationPlatforms) = preSolution
		Debug|Any CPU = Debug|Any CPU
		Release|Any CPU = Release|Any CPU
	EndGlobalSection
	GlobalSection(ProjectConfigurationPlatforms) = postSolution
		{67AB0C6E-2BA2-4FE5-94B3-C2E8398FB696}.Debug|Any CPU.ActiveCfg = Debug|Any CPU
		{67AB0C6E-2BA2-4FE5-94B3-C2E8398FB696}.Debug|Any CPU.Build.0 = Debug|Any CPU
		{67AB0C6E-2BA2-4FE5-94B3-C2E8398FB696}.Release|Any CPU.ActiveCfg = Release|Any CPU
		{67AB0C6E-2BA2-4FE5-94B3-C2E8398FB696}.Release|Any CPU.Build.0 = Release|Any CPU
		{B99E3A33-95DD-4E36-BD7F-1F32E8443AC3}.Debug|Any CPU.ActiveCfg = Debug|Any CPU
		{B99E3A33-95DD-4E36-BD7F-1F32E8443AC3}.Debug|Any CPU.Build.0 = Debug|Any CPU
		{B99E3A33-95DD-4E36-BD7F-1F32E8443AC3}.Release|Any CPU.ActiveCfg = Release|Any CPU
		{B99E3A33-95DD-4E36-BD7F-1F32E8443AC3}.Release|Any CPU.Build.0 = Release|Any CPU
		{20E3BE97-FAB2-4A4D-BC54-DDDAE1750F85}.Debug|Any CPU.ActiveCfg = Debug|Any CPU
		{20E3BE97-FAB2-4A4D-BC54-DDDAE1750F85}.Debug|Any CPU.Build.0 = Debug|Any CPU
		{20E3BE97-FAB2-4A4D-BC54-DDDAE1750F85}.Release|Any CPU.ActiveCfg = Release|Any CPU
		{20E3BE97-FAB2-4A4D-BC54-DDDAE1750F85}.Release|Any CPU.Build.0 = Release|Any CPU
		{45AB3CF2-E55B-4600-A66A-F8247B167315}.Debug|Any CPU.ActiveCfg = Debug|Any CPU
		{45AB3CF2-E55B-4600-A66A-F8247B167315}.Debug|Any CPU.Build.0 = Debug|Any CPU
		{45AB3CF2-E55B-4600-A66A-F8247B167315}.Release|Any CPU.ActiveCfg = Release|Any CPU
		{45AB3CF2-E55B-4600-A66A-F8247B167315}.Release|Any CPU.Build.0 = Release|Any CPU
		{91180DC8-F1D5-419D-A493-E18B56EF195E}.Debug|Any CPU.ActiveCfg = Debug|Any CPU
		{91180DC8-F1D5-419D-A493-E18B56EF195E}.Debug|Any CPU.Build.0 = Debug|Any CPU
		{91180DC8-F1D5-419D-A493-E18B56EF195E}.Release|Any CPU.ActiveCfg = Release|Any CPU
		{91180DC8-F1D5-419D-A493-E18B56EF195E}.Release|Any CPU.Build.0 = Release|Any CPU
		{B8B3F7E5-E4B7-4B9B-970B-03EF16B25EB9}.Debug|Any CPU.ActiveCfg = Debug|Any CPU
		{B8B3F7E5-E4B7-4B9B-970B-03EF16B25EB9}.Debug|Any CPU.Build.0 = Debug|Any CPU
		{B8B3F7E5-E4B7-4B9B-970B-03EF16B25EB9}.Release|Any CPU.ActiveCfg = Release|Any CPU
		{B8B3F7E5-E4B7-4B9B-970B-03EF16B25EB9}.Release|Any CPU.Build.0 = Release|Any CPU
		{B96228C0-8AF5-42B9-B779-649899CDE7EB}.Debug|Any CPU.ActiveCfg = Debug|Any CPU
		{B96228C0-8AF5-42B9-B779-649899CDE7EB}.Debug|Any CPU.Build.0 = Debug|Any CPU
		{B96228C0-8AF5-42B9-B779-649899CDE7EB}.Release|Any CPU.ActiveCfg = Release|Any CPU
		{B96228C0-8AF5-42B9-B779-649899CDE7EB}.Release|Any CPU.Build.0 = Release|Any CPU
		{41997962-EBDA-469B-8073-792BA4413A64}.Debug|Any CPU.ActiveCfg = Debug|Any CPU
		{41997962-EBDA-469B-8073-792BA4413A64}.Debug|Any CPU.Build.0 = Debug|Any CPU
		{41997962-EBDA-469B-8073-792BA4413A64}.Release|Any CPU.ActiveCfg = Release|Any CPU
		{41997962-EBDA-469B-8073-792BA4413A64}.Release|Any CPU.Build.0 = Release|Any CPU
		{10B388A9-812D-45F8-B01E-8255C65F39C1}.Debug|Any CPU.ActiveCfg = Debug|Any CPU
		{10B388A9-812D-45F8-B01E-8255C65F39C1}.Debug|Any CPU.Build.0 = Debug|Any CPU
		{10B388A9-812D-45F8-B01E-8255C65F39C1}.Release|Any CPU.ActiveCfg = Release|Any CPU
		{10B388A9-812D-45F8-B01E-8255C65F39C1}.Release|Any CPU.Build.0 = Release|Any CPU
	EndGlobalSection
	GlobalSection(SolutionProperties) = preSolution
		HideSolutionNode = FALSE
	EndGlobalSection
	GlobalSection(NestedProjects) = preSolution
		{45AB3CF2-E55B-4600-A66A-F8247B167315} = {2B000795-C3BB-4851-9EE0-512A59256E35}
		{41997962-EBDA-469B-8073-792BA4413A64} = {2B000795-C3BB-4851-9EE0-512A59256E35}
		{10B388A9-812D-45F8-B01E-8255C65F39C1} = {2B000795-C3BB-4851-9EE0-512A59256E35}
	EndGlobalSection
EndGlobal
